// !$*UTF8*$!
{
	archiveVersion = 1;
	classes = {
	};
	objectVersion = 56;
	objects = {

/* Begin PBXBuildFile section */
		F83944D82A28F19000744334 /* AppDelegate.swift in Sources */ = {isa = PBXBuildFile; fileRef = F83944D72A28F19000744334 /* AppDelegate.swift */; };
		F83944DA2A28F19000744334 /* SceneDelegate.swift in Sources */ = {isa = PBXBuildFile; fileRef = F83944D92A28F19000744334 /* SceneDelegate.swift */; };
		F83944DC2A28F19000744334 /* ViewController.swift in Sources */ = {isa = PBXBuildFile; fileRef = F83944DB2A28F19000744334 /* ViewController.swift */; };
		F83944DF2A28F19000744334 /* Main.storyboard in Resources */ = {isa = PBXBuildFile; fileRef = F83944DD2A28F19000744334 /* Main.storyboard */; };
		F83944E12A28F19100744334 /* Assets.xcassets in Resources */ = {isa = PBXBuildFile; fileRef = F83944E02A28F19100744334 /* Assets.xcassets */; };
		F83944E42A28F19100744334 /* LaunchScreen.storyboard in Resources */ = {isa = PBXBuildFile; fileRef = F83944E22A28F19100744334 /* LaunchScreen.storyboard */; };
		F83944EC2A28F9DB00744334 /* CryptoTableViewCell.swift in Sources */ = {isa = PBXBuildFile; fileRef = F83944EB2A28F9DB00744334 /* CryptoTableViewCell.swift */; };
		F83944F22A2A15F000744334 /* CryptoCurrency.swift in Sources */ = {isa = PBXBuildFile; fileRef = F83944F12A2A15F000744334 /* CryptoCurrency.swift */; };
		F83944F42A2A19BA00744334 /* WebService.swift in Sources */ = {isa = PBXBuildFile; fileRef = F83944F32A2A19BA00744334 /* WebService.swift */; };
		F8D2F9052A2A42D000650D28 /* CrytoViewModel.swift in Sources */ = {isa = PBXBuildFile; fileRef = F8D2F9042A2A42D000650D28 /* CrytoViewModel.swift */; };
/* End PBXBuildFile section */

/* Begin PBXFileReference section */
		F83944D42A28F19000744334 /* CryptoMVVM.app */ = {isa = PBXFileReference; explicitFileType = wrapper.application; includeInIndex = 0; path = CryptoMVVM.app; sourceTree = BUILT_PRODUCTS_DIR; };
		F83944D72A28F19000744334 /* AppDelegate.swift */ = {isa = PBXFileReference; lastKnownFileType = sourcecode.swift; path = AppDelegate.swift; sourceTree = "<group>"; };
		F83944D92A28F19000744334 /* SceneDelegate.swift */ = {isa = PBXFileReference; lastKnownFileType = sourcecode.swift; path = SceneDelegate.swift; sourceTree = "<group>"; };
		F83944DB2A28F19000744334 /* ViewController.swift */ = {isa = PBXFileReference; lastKnownFileType = sourcecode.swift; path = ViewController.swift; sourceTree = "<group>"; };
		F83944DE2A28F19000744334 /* Base */ = {isa = PBXFileReference; lastKnownFileType = file.storyboard; name = Base; path = Base.lproj/Main.storyboard; sourceTree = "<group>"; };
		F83944E02A28F19100744334 /* Assets.xcassets */ = {isa = PBXFileReference; lastKnownFileType = folder.assetcatalog; path = Assets.xcassets; sourceTree = "<group>"; };
		F83944E32A28F19100744334 /* Base */ = {isa = PBXFileReference; lastKnownFileType = file.storyboard; name = Base; path = Base.lproj/LaunchScreen.storyboard; sourceTree = "<group>"; };
		F83944E52A28F19100744334 /* Info.plist */ = {isa = PBXFileReference; lastKnownFileType = text.plist.xml; path = Info.plist; sourceTree = "<group>"; };
		F83944EB2A28F9DB00744334 /* CryptoTableViewCell.swift */ = {isa = PBXFileReference; lastKnownFileType = sourcecode.swift; path = CryptoTableViewCell.swift; sourceTree = "<group>"; };
		F83944F12A2A15F000744334 /* CryptoCurrency.swift */ = {isa = PBXFileReference; lastKnownFileType = sourcecode.swift; path = CryptoCurrency.swift; sourceTree = "<group>"; };
		F83944F32A2A19BA00744334 /* WebService.swift */ = {isa = PBXFileReference; lastKnownFileType = sourcecode.swift; path = WebService.swift; sourceTree = "<group>"; };
		F8D2F9042A2A42D000650D28 /* CrytoViewModel.swift */ = {isa = PBXFileReference; lastKnownFileType = sourcecode.swift; path = CrytoViewModel.swift; sourceTree = "<group>"; };
/* End PBXFileReference section */

/* Begin PBXFrameworksBuildPhase section */
		F83944D12A28F19000744334 /* Frameworks */ = {
			isa = PBXFrameworksBuildPhase;
			buildActionMask = 2147483647;
			files = (
			);
			runOnlyForDeploymentPostprocessing = 0;
		};
/* End PBXFrameworksBuildPhase section */

/* Begin PBXGroup section */
		F83944CB2A28F19000744334 = {
			isa = PBXGroup;
			children = (
				F83944D62A28F19000744334 /* CryptoMVVM */,
				F83944D52A28F19000744334 /* Products */,
			);
			sourceTree = "<group>";
		};
		F83944D52A28F19000744334 /* Products */ = {
			isa = PBXGroup;
			children = (
				F83944D42A28F19000744334 /* CryptoMVVM.app */,
			);
			name = Products;
			sourceTree = "<group>";
		};
		F83944D62A28F19000744334 /* CryptoMVVM */ = {
			isa = PBXGroup;
			children = (
				F83944F02A2A15BD00744334 /* Service */,
				F83944EF2A2A15B100744334 /* Model */,
				F83944EE2A2A159F00744334 /* ViewMode */,
				F83944ED2A2A159300744334 /* View */,
				F83944DD2A28F19000744334 /* Main.storyboard */,
				F83944E02A28F19100744334 /* Assets.xcassets */,
				F83944E22A28F19100744334 /* LaunchScreen.storyboard */,
				F83944E52A28F19100744334 /* Info.plist */,
			);
			path = CryptoMVVM;
			sourceTree = "<group>";
		};
		F83944ED2A2A159300744334 /* View */ = {
			isa = PBXGroup;
			children = (
				F83944D72A28F19000744334 /* AppDelegate.swift */,
				F83944D92A28F19000744334 /* SceneDelegate.swift */,
				F83944DB2A28F19000744334 /* ViewController.swift */,
				F83944EB2A28F9DB00744334 /* CryptoTableViewCell.swift */,
			);
			path = View;
			sourceTree = "<group>";
		};
		F83944EE2A2A159F00744334 /* ViewMode */ = {
			isa = PBXGroup;
			children = (
				F8D2F9042A2A42D000650D28 /* CrytoViewModel.swift */,
			);
			path = ViewMode;
			sourceTree = "<group>";
		};
		F83944EF2A2A15B100744334 /* Model */ = {
			isa = PBXGroup;
			children = (
				F83944F12A2A15F000744334 /* CryptoCurrency.swift */,
			);
			path = Model;
			sourceTree = "<group>";
		};
		F83944F02A2A15BD00744334 /* Service */ = {
			isa = PBXGroup;
			children = (
				F83944F32A2A19BA00744334 /* WebService.swift */,
			);
			path = Service;
			sourceTree = "<group>";
		};
/* End PBXGroup section */

/* Begin PBXNativeTarget section */
		F83944D32A28F19000744334 /* CryptoMVVM */ = {
			isa = PBXNativeTarget;
			buildConfigurationList = F83944E82A28F19100744334 /* Build configuration list for PBXNativeTarget "CryptoMVVM" */;
			buildPhases = (
				F83944D02A28F19000744334 /* Sources */,
				F83944D12A28F19000744334 /* Frameworks */,
				F83944D22A28F19000744334 /* Resources */,
			);
			buildRules = (
			);
			dependencies = (
			);
			name = CryptoMVVM;
			productName = CryptoMVVM;
			productReference = F83944D42A28F19000744334 /* CryptoMVVM.app */;
			productType = "com.apple.product-type.application";
		};
/* End PBXNativeTarget section */

/* Begin PBXProject section */
		F83944CC2A28F19000744334 /* Project object */ = {
			isa = PBXProject;
			attributes = {
				BuildIndependentTargetsInParallel = 1;
				LastSwiftUpdateCheck = 1430;
				LastUpgradeCheck = 1430;
				TargetAttributes = {
					F83944D32A28F19000744334 = {
						CreatedOnToolsVersion = 14.3;
					};
				};
			};
			buildConfigurationList = F83944CF2A28F19000744334 /* Build configuration list for PBXProject "CryptoMVVM" */;
			compatibilityVersion = "Xcode 14.0";
			developmentRegion = en;
			hasScannedForEncodings = 0;
			knownRegions = (
				en,
				Base,
			);
			mainGroup = F83944CB2A28F19000744334;
			productRefGroup = F83944D52A28F19000744334 /* Products */;
			projectDirPath = "";
			projectRoot = "";
			targets = (
				F83944D32A28F19000744334 /* CryptoMVVM */,
			);
		};
/* End PBXProject section */

/* Begin PBXResourcesBuildPhase section */
		F83944D22A28F19000744334 /* Resources */ = {
			isa = PBXResourcesBuildPhase;
			buildActionMask = 2147483647;
			files = (
				F83944E42A28F19100744334 /* LaunchScreen.storyboard in Resources */,
				F83944E12A28F19100744334 /* Assets.xcassets in Resources */,
				F83944DF2A28F19000744334 /* Main.storyboard in Resources */,
			);
			runOnlyForDeploymentPostprocessing = 0;
		};
/* End PBXResourcesBuildPhase section */

/* Begin PBXSourcesBuildPhase section */
		F83944D02A28F19000744334 /* Sources */ = {
			isa = PBXSourcesBuildPhase;
			buildActionMask = 2147483647;
			files = (
				F83944F42A2A19BA00744334 /* WebService.swift in Sources */,
				F83944EC2A28F9DB00744334 /* CryptoTableViewCell.swift in Sources */,
				F8D2F9052A2A42D000650D28 /* CrytoViewModel.swift in Sources */,
				F83944DC2A28F19000744334 /* ViewController.swift in Sources */,
				F83944D82A28F19000744334 /* AppDelegate.swift in Sources */,
				F83944F22A2A15F000744334 /* CryptoCurrency.swift in Sources */,
				F83944DA2A28F19000744334 /* SceneDelegate.swift in Sources */,
			);
			runOnlyForDeploymentPostprocessing = 0;
		};
/* End PBXSourcesBuildPhase section */

/* Begin PBXVariantGroup section */
		F83944DD2A28F19000744334 /* Main.storyboard */ = {
			isa = PBXVariantGroup;
			children = (
				F83944DE2A28F19000744334 /* Base */,
			);
			name = Main.storyboard;
			sourceTree = "<group>";
		};
		F83944E22A28F19100744334 /* LaunchScreen.storyboard */ = {
			isa = PBXVariantGroup;
			children = (
				F83944E32A28F19100744334 /* Base */,
			);
			name = LaunchScreen.storyboard;
			sourceTree = "<group>";
		};
/* End PBXVariantGroup section */

/* Begin XCBuildConfiguration section */
		F83944E62A28F19100744334 /* Debug */ = {
			isa = XCBuildConfiguration;
			buildSettings = {
				ALWAYS_SEARCH_USER_PATHS = NO;
				CLANG_ANALYZER_NONNULL = YES;
				CLANG_ANALYZER_NUMBER_OBJECT_CONVERSION = YES_AGGRESSIVE;
				CLANG_CXX_LANGUAGE_STANDARD = "gnu++20";
				CLANG_ENABLE_MODULES = YES;
				CLANG_ENABLE_OBJC_ARC = YES;
				CLANG_ENABLE_OBJC_WEAK = YES;
				CLANG_WARN_BLOCK_CAPTURE_AUTORELEASING = YES;
				CLANG_WARN_BOOL_CONVERSION = YES;
				CLANG_WARN_COMMA = YES;
				CLANG_WARN_CONSTANT_CONVERSION = YES;
				CLANG_WARN_DEPRECATED_OBJC_IMPLEMENTATIONS = YES;
				CLANG_WARN_DIRECT_OBJC_ISA_USAGE = YES_ERROR;
				CLANG_WARN_DOCUMENTATION_COMMENTS = YES;
				CLANG_WARN_EMPTY_BODY = YES;
				CLANG_WARN_ENUM_CONVERSION = YES;
				CLANG_WARN_INFINITE_RECURSION = YES;
				CLANG_WARN_INT_CONVERSION = YES;
				CLANG_WARN_NON_LITERAL_NULL_CONVERSION = YES;
				CLANG_WARN_OBJC_IMPLICIT_RETAIN_SELF = YES;
				CLANG_WARN_OBJC_LITERAL_CONVERSION = YES;
				CLANG_WARN_OBJC_ROOT_CLASS = YES_ERROR;
				CLANG_WARN_QUOTED_INCLUDE_IN_FRAMEWORK_HEADER = YES;
				CLANG_WARN_RANGE_LOOP_ANALYSIS = YES;
				CLANG_WARN_STRICT_PROTOTYPES = YES;
				CLANG_WARN_SUSPICIOUS_MOVE = YES;
				CLANG_WARN_UNGUARDED_AVAILABILITY = YES_AGGRESSIVE;
				CLANG_WARN_UNREACHABLE_CODE = YES;
				CLANG_WARN__DUPLICATE_METHOD_MATCH = YES;
				COPY_PHASE_STRIP = NO;
				DEBUG_INFORMATION_FORMAT = dwarf;
				ENABLE_STRICT_OBJC_MSGSEND = YES;
				ENABLE_TESTABILITY = YES;
				GCC_C_LANGUAGE_STANDARD = gnu11;
				GCC_DYNAMIC_NO_PIC = NO;
				GCC_NO_COMMON_BLOCKS = YES;
				GCC_OPTIMIZATION_LEVEL = 0;
				GCC_PREPROCESSOR_DEFINITIONS = (
					"DEBUG=1",
					"$(inherited)",
				);
				GCC_WARN_64_TO_32_BIT_CONVERSION = YES;
				GCC_WARN_ABOUT_RETURN_TYPE = YES_ERROR;
				GCC_WARN_UNDECLARED_SELECTOR = YES;
				GCC_WARN_UNINITIALIZED_AUTOS = YES_AGGRESSIVE;
				GCC_WARN_UNUSED_FUNCTION = YES;
				GCC_WARN_UNUSED_VARIABLE = YES;
				IPHONEOS_DEPLOYMENT_TARGET = 16.4;
				MTL_ENABLE_DEBUG_INFO = INCLUDE_SOURCE;
				MTL_FAST_MATH = YES;
				ONLY_ACTIVE_ARCH = YES;
				SDKROOT = iphoneos;
				SWIFT_ACTIVE_COMPILATION_CONDITIONS = DEBUG;
				SWIFT_OPTIMIZATION_LEVEL = "-Onone";
			};
			name = Debug;
		};
		F83944E72A28F19100744334 /* Release */ = {
			isa = XCBuildConfiguration;
			buildSettings = {
				ALWAYS_SEARCH_USER_PATHS = NO;
				CLANG_ANALYZER_NONNULL = YES;
				CLANG_ANALYZER_NUMBER_OBJECT_CONVERSION = YES_AGGRESSIVE;
				CLANG_CXX_LANGUAGE_STANDARD = "gnu++20";
				CLANG_ENABLE_MODULES = YES;
				CLANG_ENABLE_OBJC_ARC = YES;
				CLANG_ENABLE_OBJC_WEAK = YES;
				CLANG_WARN_BLOCK_CAPTURE_AUTORELEASING = YES;
				CLANG_WARN_BOOL_CONVERSION = YES;
				CLANG_WARN_COMMA = YES;
				CLANG_WARN_CONSTANT_CONVERSION = YES;
				CLANG_WARN_DEPRECATED_OBJC_IMPLEMENTATIONS = YES;
				CLANG_WARN_DIRECT_OBJC_ISA_USAGE = YES_ERROR;
				CLANG_WARN_DOCUMENTATION_COMMENTS = YES;
				CLANG_WARN_EMPTY_BODY = YES;
				CLANG_WARN_ENUM_CONVERSION = YES;
				CLANG_WARN_INFINITE_RECURSION = YES;
				CLANG_WARN_INT_CONVERSION = YES;
				CLANG_WARN_NON_LITERAL_NULL_CONVERSION = YES;
				CLANG_WARN_OBJC_IMPLICIT_RETAIN_SELF = YES;
				CLANG_WARN_OBJC_LITERAL_CONVERSION = YES;
				CLANG_WARN_OBJC_ROOT_CLASS = YES_ERROR;
				CLANG_WARN_QUOTED_INCLUDE_IN_FRAMEWORK_HEADER = YES;
				CLANG_WARN_RANGE_LOOP_ANALYSIS = YES;
				CLANG_WARN_STRICT_PROTOTYPES = YES;
				CLANG_WARN_SUSPICIOUS_MOVE = YES;
				CLANG_WARN_UNGUARDED_AVAILABILITY = YES_AGGRESSIVE;
				CLANG_WARN_UNREACHABLE_CODE = YES;
				CLANG_WARN__DUPLICATE_METHOD_MATCH = YES;
				COPY_PHASE_STRIP = NO;
				DEBUG_INFORMATION_FORMAT = "dwarf-with-dsym";
				ENABLE_NS_ASSERTIONS = NO;
				ENABLE_STRICT_OBJC_MSGSEND = YES;
				GCC_C_LANGUAGE_STANDARD = gnu11;
				GCC_NO_COMMON_BLOCKS = YES;
				GCC_WARN_64_TO_32_BIT_CONVERSION = YES;
				GCC_WARN_ABOUT_RETURN_TYPE = YES_ERROR;
				GCC_WARN_UNDECLARED_SELECTOR = YES;
				GCC_WARN_UNINITIALIZED_AUTOS = YES_AGGRESSIVE;
				GCC_WARN_UNUSED_FUNCTION = YES;
				GCC_WARN_UNUSED_VARIABLE = YES;
				IPHONEOS_DEPLOYMENT_TARGET = 16.4;
				MTL_ENABLE_DEBUG_INFO = NO;
				MTL_FAST_MATH = YES;
				SDKROOT = iphoneos;
				SWIFT_COMPILATION_MODE = wholemodule;
				SWIFT_OPTIMIZATION_LEVEL = "-O";
				VALIDATE_PRODUCT = YES;
			};
			name = Release;
		};
		F83944E92A28F19100744334 /* Debug */ = {
			isa = XCBuildConfiguration;
			buildSettings = {
				ASSETCATALOG_COMPILER_APPICON_NAME = AppIcon;
				ASSETCATALOG_COMPILER_GLOBAL_ACCENT_COLOR_NAME = AccentColor;
				CODE_SIGN_STYLE = Automatic;
				CURRENT_PROJECT_VERSION = 1;
				DEVELOPMENT_TEAM = 4TJUYLJ9X2;
				GENERATE_INFOPLIST_FILE = YES;
				INFOPLIST_FILE = CryptoMVVM/Info.plist;
				INFOPLIST_KEY_UIApplicationSupportsIndirectInputEvents = YES;
				INFOPLIST_KEY_UILaunchStoryboardName = LaunchScreen;
				INFOPLIST_KEY_UIMainStoryboardFile = Main;
				INFOPLIST_KEY_UISupportedInterfaceOrientations_iPad = "UIInterfaceOrientationPortrait UIInterfaceOrientationPortraitUpsideDown UIInterfaceOrientationLandscapeLeft UIInterfaceOrientationLandscapeRight";
				INFOPLIST_KEY_UISupportedInterfaceOrientations_iPhone = "UIInterfaceOrientationPortrait UIInterfaceOrientationLandscapeLeft UIInterfaceOrientationLandscapeRight";
				LD_RUNPATH_SEARCH_PATHS = (
					"$(inherited)",
					"@executable_path/Frameworks",
				);
				MARKETING_VERSION = 1.0;
				PRODUCT_BUNDLE_IDENTIFIER = "Sarper-Bal.CryptoMVVM";
				PRODUCT_NAME = "$(TARGET_NAME)";
				SWIFT_EMIT_LOC_STRINGS = YES;
				SWIFT_VERSION = 5.0;
				TARGETED_DEVICE_FAMILY = "1,2";
			};
			name = Debug;
		};
		F83944EA2A28F19100744334 /* Release */ = {
			isa = XCBuildConfiguration;
			buildSettings = {
				ASSETCATALOG_COMPILER_APPICON_NAME = AppIcon;
				ASSETCATALOG_COMPILER_GLOBAL_ACCENT_COLOR_NAME = AccentColor;
				CODE_SIGN_STYLE = Automatic;
				CURRENT_PROJECT_VERSION = 1;
				DEVELOPMENT_TEAM = 4TJUYLJ9X2;
				GENERATE_INFOPLIST_FILE = YES;
				INFOPLIST_FILE = CryptoMVVM/Info.plist;
				INFOPLIST_KEY_UIApplicationSupportsIndirectInputEvents = YES;
				INFOPLIST_KEY_UILaunchStoryboardName = LaunchScreen;
				INFOPLIST_KEY_UIMainStoryboardFile = Main;
				INFOPLIST_KEY_UISupportedInterfaceOrientations_iPad = "UIInterfaceOrientationPortrait UIInterfaceOrientationPortraitUpsideDown UIInterfaceOrientationLandscapeLeft UIInterfaceOrientationLandscapeRight";
				INFOPLIST_KEY_UISupportedInterfaceOrientations_iPhone = "UIInterfaceOrientationPortrait UIInterfaceOrientationLandscapeLeft UIInterfaceOrientationLandscapeRight";
				LD_RUNPATH_SEARCH_PATHS = (
					"$(inherited)",
					"@executable_path/Frameworks",
				);
				MARKETING_VERSION = 1.0;
				PRODUCT_BUNDLE_IDENTIFIER = "Sarper-Bal.CryptoMVVM";
				PRODUCT_NAME = "$(TARGET_NAME)";
				SWIFT_EMIT_LOC_STRINGS = YES;
				SWIFT_VERSION = 5.0;
				TARGETED_DEVICE_FAMILY = "1,2";
			};
			name = Release;
		};
/* End XCBuildConfiguration section */

/* Begin XCConfigurationList section */
		F83944CF2A28F19000744334 /* Build configuration list for PBXProject "CryptoMVVM" */ = {
			isa = XCConfigurationList;
			buildConfigurations = (
				F83944E62A28F19100744334 /* Debug */,
				F83944E72A28F19100744334 /* Release */,
			);
			defaultConfigurationIsVisible = 0;
			defaultConfigurationName = Release;
		};
		F83944E82A28F19100744334 /* Build configuration list for PBXNativeTarget "CryptoMVVM" */ = {
			isa = XCConfigurationList;
			buildConfigurations = (
				F83944E92A28F19100744334 /* Debug */,
				F83944EA2A28F19100744334 /* Release */,
			);
			defaultConfigurationIsVisible = 0;
			defaultConfigurationName = Release;
		};
/* End XCConfigurationList section */
	};
	rootObject = F83944CC2A28F19000744334 /* Project object */;
}
